{
  "name": "graphql",
  "version": "1.0.0",
  "description": "Hello there I am learning GraphQL",
  "main": "app.js",
  "scripts": {
    "start": "nodemon ./app.js --exec babel-node -e js"
  },
  "keywords": [
    "babel",
    "es6"
  ],
  "author": "Mbr Sagor",
  "license": "ISC",
  "devDependencies": {
    "babel-cli": "^6.26.0",
    "babel-preset-env": "^1.7.0",
    "babel-preset-stage-0": "^6.24.1"
  },
  "dependencies": {
    "nodemon": "^2.0.6"
  }
}